
Microsoft Visual Studio Solution File, Format Version 12.00
# Visual Studio Version 17
VisualStudioVersion = 17.3.32929.385
MinimumVisualStudioVersion = 10.0.40219.1
Project("{9A19103F-16F7-4668-BE54-9A1E7A4F7556}") = "CourseWorkMain", "CourseWorkMain\CourseWorkMain.csproj", "{1003C320-650C-4F09-A803-83444C5388A1}"
EndProject
Project("{E53339B2-1760-4266-BCC7-CA923CBCF16C}") = "docker-compose", "docker-compose.dcproj", "{AEA7CC13-21FB-4F57-9A78-D1EB95AF1A2A}"
EndProject
Project("{9A19103F-16F7-4668-BE54-9A1E7A4F7556}") = "CourseWorkMain.Test", "..\CourseWorkMain.Test\CourseWorkMain.Test.csproj", "{27384284-F297-49E1-B44E-08B97FBCA2BB}"
EndProject
Global
	GlobalSection(SolutionConfigurationPlatforms) = preSolution
		Debug|Any CPU = Debug|Any CPU
		Release|Any CPU = Release|Any CPU
	EndGlobalSection
	GlobalSection(ProjectConfigurationPlatforms) = postSolution
		{1003C320-650C-4F09-A803-83444C5388A1}.Debug|Any CPU.ActiveCfg = Debug|Any CPU
		{1003C320-650C-4F09-A803-83444C5388A1}.Debug|Any CPU.Build.0 = Debug|Any CPU
		{1003C320-650C-4F09-A803-83444C5388A1}.Release|Any CPU.ActiveCfg = Release|Any CPU
		{1003C320-650C-4F09-A803-83444C5388A1}.Release|Any CPU.Build.0 = Release|Any CPU
		{AEA7CC13-21FB-4F57-9A78-D1EB95AF1A2A}.Debug|Any CPU.ActiveCfg = Debug|Any CPU
		{AEA7CC13-21FB-4F57-9A78-D1EB95AF1A2A}.Debug|Any CPU.Build.0 = Debug|Any CPU
		{AEA7CC13-21FB-4F57-9A78-D1EB95AF1A2A}.Release|Any CPU.ActiveCfg = Release|Any CPU
		{AEA7CC13-21FB-4F57-9A78-D1EB95AF1A2A}.Release|Any CPU.Build.0 = Release|Any CPU
		{27384284-F297-49E1-B44E-08B97FBCA2BB}.Debug|Any CPU.ActiveCfg = Debug|Any CPU
		{27384284-F297-49E1-B44E-08B97FBCA2BB}.Debug|Any CPU.Build.0 = Debug|Any CPU
		{27384284-F297-49E1-B44E-08B97FBCA2BB}.Release|Any CPU.ActiveCfg = Release|Any CPU
		{27384284-F297-49E1-B44E-08B97FBCA2BB}.Release|Any CPU.Build.0 = Release|Any CPU
	EndGlobalSection
	GlobalSection(SolutionProperties) = preSolution
		HideSolutionNode = FALSE
	EndGlobalSection
	GlobalSection(ExtensibilityGlobals) = postSolution
		SolutionGuid = {51D12FA4-D9F7-46C5-B989-5B805A7EBE3B}
	EndGlobalSection
EndGlobal
